{
  "name": "openmimic",
  "lockfileVersion": 3,
  "requires": true,
  "packages": {
    "": {
      "dependencies": {
        "@cli-me/cli": "^0.1.2"
      }
    },
    "node_modules/@cli-me/cli": {
      "version": "0.1.2",
      "resolved": "https://registry.npmjs.org/@cli-me/cli/-/cli-0.1.2.tgz",
      "integrity": "sha512-G9q7udwHFxxPymfp7qJtjZot1e/iDwKsBFCfiNbA7fdGMCJaWF06tduqsqqWG9sZPXwGQbFSfL3FK07A+54A6Q==",
      "license": "MIT",
      "dependencies": {
        "@cli-me/shared-types": "0.1.0",
        "commander": "^13.1.0"
      },
      "bin": {
        "clime": "dist/index.js"
      }
    },
    "node_modules/@cli-me/shared-types": {
      "version": "0.1.0",
      "resolved": "https://registry.npmjs.org/@cli-me/shared-types/-/shared-types-0.1.0.tgz",
      "integrity": "sha512-tSwaLZPDgss7EpX/LVtsx1GEld1i832nnb5qwzvkAm2SGoji1o1OJ1oKxgAjPEMSspZlhVeDy7J+W2GMKWSdiQ==",
      "dependencies": {
        "zod": "^3.24.1",
        "zod-to-json-schema": "^3.24.1"
      }
    },
    "node_modules/commander": {
      "version": "13.1.0",
      "resolved": "https://registry.npmjs.org/commander/-/commander-13.1.0.tgz",
      "integrity": "sha512-/rFeCpNJQbhSZjGVwO9RFV3xPqbnERS8MmIQzCtD/zl6gpJuV/bMLuN92oG3F7d8oDEHHRrujSXNUr8fpjntKw==",
      "license": "MIT",
      "engines": {
        "node": ">=18"
      }
    },
    "node_modules/zod": {
      "version": "3.25.76",
      "resolved": "https://registry.npmjs.org/zod/-/zod-3.25.76.tgz",
      "integrity": "sha512-gzUt/qt81nXsFGKIFcC3YnfEAx5NkunCfnDlvuBSSFS02bcXu4Lmea0AFIUwbLWxWPx3d9p8S5QoaujKcNQxcQ==",
      "license": "MIT",
      "funding": {
        "url": "https://github.com/sponsors/colinhacks"
      }
    },
    "node_modules/zod-to-json-schema": {
      "version": "3.25.1",
      "resolved": "https://registry.npmjs.org/zod-to-json-schema/-/zod-to-json-schema-3.25.1.tgz",
      "integrity": "sha512-pM/SU9d3YAggzi6MtR4h7ruuQlqKtad8e9S0fmxcMi+ueAK5Korys/aWcV9LIIHTVbj01NdzxcnXSN+O74ZIVA==",
      "license": "ISC",
      "peerDependencies": {
        "zod": "^3.25 || ^4"
      }
    }
  }
}
